
Microsoft Visual Studio Solution File, Format Version 12.00
# Visual Studio Version 16
VisualStudioVersion = 16.0.31702.278
MinimumVisualStudioVersion = 10.0.40219.1
Project("{FAE04EC0-301F-11D3-BF4B-00C04F79EFBC}") = "BarFightCallout", "BarFightCallout\BarFightCallout.csproj", "{D299F743-8D94-4F90-9F4A-9DFF686E7AFE}"
EndProject
Global
	GlobalSection(SolutionConfigurationPlatforms) = preSolution
		Debug|Any CPU = Debug|Any CPU
		Release|Any CPU = Release|Any CPU
	EndGlobalSection
	GlobalSection(ProjectConfigurationPlatforms) = postSolution
		{D299F743-8D94-4F90-9F4A-9DFF686E7AFE}.Debug|Any CPU.ActiveCfg = Debug|Any CPU
		{D299F743-8D94-4F90-9F4A-9DFF686E7AFE}.Debug|Any CPU.Build.0 = Debug|Any CPU
		{D299F743-8D94-4F90-9F4A-9DFF686E7AFE}.Release|Any CPU.ActiveCfg = Release|Any CPU
		{D299F743-8D94-4F90-9F4A-9DFF686E7AFE}.Release|Any CPU.Build.0 = Release|Any CPU
	EndGlobalSection
	GlobalSection(SolutionProperties) = preSolution
		HideSolutionNode = FALSE
	EndGlobalSection
	GlobalSection(ExtensibilityGlobals) = postSolution
		SolutionGuid = {70441411-821F-4D5F-A3B1-B508B46E4558}
	EndGlobalSection
EndGlobal
